
Microsoft Visual Studio Solution File, Format Version 12.00
# Visual Studio Version 16
VisualStudioVersion = 16.0.31410.357
MinimumVisualStudioVersion = 10.0.40219.1
Project("{9A19103F-16F7-4668-BE54-9A1E7A4F7556}") = "Proste dodawanie", "Proste dodawanie\Proste dodawanie.csproj", "{EB3C32D9-2259-4861-A2B2-9FFDE3A39E4C}"
EndProject
Project("{9A19103F-16F7-4668-BE54-9A1E7A4F7556}") = "Liczby Pierwsze", "Liczby Pierwsze\Liczby Pierwsze.csproj", "{38BA1F45-30A4-4D05-95DE-A7EFFB7634AC}"
EndProject
Project("{9A19103F-16F7-4668-BE54-9A1E7A4F7556}") = "Prędkość Średnia", "Prędkość Średnia\Prędkość Średnia.csproj", "{1D86366F-72C8-4531-8E77-D440F76936F3}"
EndProject
Project("{FAE04EC0-301F-11D3-BF4B-00C04F79EFBC}") = "Dwie cyfry silni", "Dwie cyfry silni\Dwie cyfry silni.csproj", "{AC8B0EAF-4432-4BE0-A8E6-1247A6DE88A6}"
EndProject
Global
	GlobalSection(SolutionConfigurationPlatforms) = preSolution
		Debug|Any CPU = Debug|Any CPU
		Release|Any CPU = Release|Any CPU
	EndGlobalSection
	GlobalSection(ProjectConfigurationPlatforms) = postSolution
		{EB3C32D9-2259-4861-A2B2-9FFDE3A39E4C}.Debug|Any CPU.ActiveCfg = Debug|Any CPU
		{EB3C32D9-2259-4861-A2B2-9FFDE3A39E4C}.Debug|Any CPU.Build.0 = Debug|Any CPU
		{EB3C32D9-2259-4861-A2B2-9FFDE3A39E4C}.Release|Any CPU.ActiveCfg = Release|Any CPU
		{EB3C32D9-2259-4861-A2B2-9FFDE3A39E4C}.Release|Any CPU.Build.0 = Release|Any CPU
		{38BA1F45-30A4-4D05-95DE-A7EFFB7634AC}.Debug|Any CPU.ActiveCfg = Debug|Any CPU
		{38BA1F45-30A4-4D05-95DE-A7EFFB7634AC}.Debug|Any CPU.Build.0 = Debug|Any CPU
		{38BA1F45-30A4-4D05-95DE-A7EFFB7634AC}.Release|Any CPU.ActiveCfg = Release|Any CPU
		{38BA1F45-30A4-4D05-95DE-A7EFFB7634AC}.Release|Any CPU.Build.0 = Release|Any CPU
		{1D86366F-72C8-4531-8E77-D440F76936F3}.Debug|Any CPU.ActiveCfg = Debug|Any CPU
		{1D86366F-72C8-4531-8E77-D440F76936F3}.Debug|Any CPU.Build.0 = Debug|Any CPU
		{1D86366F-72C8-4531-8E77-D440F76936F3}.Release|Any CPU.ActiveCfg = Release|Any CPU
		{1D86366F-72C8-4531-8E77-D440F76936F3}.Release|Any CPU.Build.0 = Release|Any CPU
		{AC8B0EAF-4432-4BE0-A8E6-1247A6DE88A6}.Debug|Any CPU.ActiveCfg = Debug|Any CPU
		{AC8B0EAF-4432-4BE0-A8E6-1247A6DE88A6}.Debug|Any CPU.Build.0 = Debug|Any CPU
		{AC8B0EAF-4432-4BE0-A8E6-1247A6DE88A6}.Release|Any CPU.ActiveCfg = Release|Any CPU
		{AC8B0EAF-4432-4BE0-A8E6-1247A6DE88A6}.Release|Any CPU.Build.0 = Release|Any CPU
	EndGlobalSection
	GlobalSection(SolutionProperties) = preSolution
		HideSolutionNode = FALSE
	EndGlobalSection
	GlobalSection(ExtensibilityGlobals) = postSolution
		SolutionGuid = {886CABCB-846B-4FFC-BF3B-5194043771B9}
	EndGlobalSection
EndGlobal
